{
  "name": "photo-gallery",
  "lockfileVersion": 3,
  "requires": true,
  "packages": {
    "": {
      "dependencies": {
        "gsap": "^3.12.5",
        "openmeteo": "^1.1.4"
      }
    },
    "node_modules/@openmeteo/sdk": {
      "version": "1.14.1",
      "resolved": "https://registry.npmjs.org/@openmeteo/sdk/-/sdk-1.14.1.tgz",
      "integrity": "sha512-KGdpae5/BAPukD1mWa7uRLoawT96H2yZrDSkQ+tukmDpj+YlwLVVQNVVpJVudzFQiXGzGjlO+y5U0bzh5YvXPA==",
      "license": "MIT",
      "dependencies": {
        "flatbuffers": "^24.3.25"
      },
      "engines": {
        "node": ">=12.0"
      }
    },
    "node_modules/flatbuffers": {
      "version": "24.3.25",
      "resolved": "https://registry.npmjs.org/flatbuffers/-/flatbuffers-24.3.25.tgz",
      "integrity": "sha512-3HDgPbgiwWMI9zVB7VYBHaMrbOO7Gm0v+yD2FV/sCKj+9NDeVL7BOBYUuhWAQGKWOzBo8S9WdMvV0eixO233XQ==",
      "license": "Apache-2.0"
    },
    "node_modules/gsap": {
      "version": "3.12.5",
      "resolved": "https://registry.npmjs.org/gsap/-/gsap-3.12.5.tgz",
      "integrity": "sha512-srBfnk4n+Oe/ZnMIOXt3gT605BX9x5+rh/prT2F1SsNJsU1XuMiP0E2aptW481OnonOGACZWBqseH5Z7csHxhQ==",
      "license": "Standard 'no charge' license: https://gsap.com/standard-license. Club GSAP members get more: https://gsap.com/licensing/. Why GreenSock doesn't employ an MIT license: https://gsap.com/why-license/"
    },
    "node_modules/openmeteo": {
      "version": "1.1.4",
      "resolved": "https://registry.npmjs.org/openmeteo/-/openmeteo-1.1.4.tgz",
      "integrity": "sha512-TalTDl0M7JJoeRTf+rWiFZ9SLvoxm7KkFLOQqcSjCiYs+bVMhax1qtryJqeZ1RF4W4Xfsgcl9x+VC1z39ULCxA==",
      "license": "MIT",
      "dependencies": {
        "@openmeteo/sdk": "^1.11.4",
        "flatbuffers": "^24.3.25"
      },
      "engines": {
        "node": ">=12.0"
      }
    }
  }
}
